
Microsoft Visual Studio Solution File, Format Version 12.00
# Visual Studio Version 17
VisualStudioVersion = 17.11.35327.3
MinimumVisualStudioVersion = 10.0.40219.1
Project("{FAE04EC0-301F-11D3-BF4B-00C04F79EFBC}") = "FarsiConsole", "FarsiConsole.csproj", "{1C3C44D4-34A3-4426-AC74-77EA8A7C74E9}"
EndProject
Global
	GlobalSection(SolutionConfigurationPlatforms) = preSolution
		Debug|Any CPU = Debug|Any CPU
		Release|Any CPU = Release|Any CPU
	EndGlobalSection
	GlobalSection(ProjectConfigurationPlatforms) = postSolution
		{1C3C44D4-34A3-4426-AC74-77EA8A7C74E9}.Debug|Any CPU.ActiveCfg = Release|Any CPU
		{1C3C44D4-34A3-4426-AC74-77EA8A7C74E9}.Debug|Any CPU.Build.0 = Release|Any CPU
		{1C3C44D4-34A3-4426-AC74-77EA8A7C74E9}.Release|Any CPU.ActiveCfg = Release|Any CPU
		{1C3C44D4-34A3-4426-AC74-77EA8A7C74E9}.Release|Any CPU.Build.0 = Release|Any CPU
	EndGlobalSection
	GlobalSection(SolutionProperties) = preSolution
		HideSolutionNode = FALSE
	EndGlobalSection
	GlobalSection(ExtensibilityGlobals) = postSolution
		SolutionGuid = {9359B171-B219-4C37-B8D1-B4B7231BF58A}
	EndGlobalSection
EndGlobal
